PODS:
  - Parchment (3.2.0)
  - TTGSnackbar (1.11.1)

DEPENDENCIES:
  - Parchment
  - TTGSnackbar

SPEC REPOS:
  trunk:
    - Parchment
    - TTGSnackbar

SPEC CHECKSUMS:
  Parchment: a43c440b22c8a60f7e0196b74339446d4d1d18ea
  TTGSnackbar: fea91c62637b5662f808a4c3b55f7631cb7e1ef7

PODFILE CHECKSUM: 6b46dc7796c2d0a45a826779729fbc20ad1354df

COCOAPODS: 1.11.3
