PODS:
  - Parchment (3.2.0)
  - RxCocoa (5.1.1):
    - RxRelay (~> 5)
    - RxSwift (~> 5)
  - RxRelay (5.1.1):
    - RxSwift (~> 5)
  - RxSwift (5.1.1)
  - TTGSnackbar (1.11.1)

DEPENDENCIES:
  - Parchment
  - RxCocoa
  - RxSwift
  - TTGSnackbar

SPEC REPOS:
  trunk:
    - Parchment
    - RxCocoa
    - RxRelay
    - RxSwift
    - TTGSnackbar

SPEC CHECKSUMS:
  Parchment: a43c440b22c8a60f7e0196b74339446d4d1d18ea
  RxCocoa: 32065309a38d29b5b0db858819b5bf9ef038b601
  RxRelay: d77f7d771495f43c556cbc43eebd1bb54d01e8e9
  RxSwift: 81470a2074fa8780320ea5fe4102807cb7118178
  TTGSnackbar: fea91c62637b5662f808a4c3b55f7631cb7e1ef7

PODFILE CHECKSUM: e10138eaf09d3c66fa1897d647e33d5df7b5b708

COCOAPODS: 1.11.3
