// !$*UTF8*$!
{
	archiveVersion = 1;
	classes = {
	};
	objectVersion = 51;
	objects = {

/* Begin PBXBuildFile section */
		1E56BBDCD67A23961454F3B6 /* Pods_swift_variousUI_swift_variousUIUITests.framework in Frameworks */ = {isa = PBXBuildFile; fileRef = F90C889D70C7A9D2082C3A78 /* Pods_swift_variousUI_swift_variousUIUITests.framework */; };
		2514176AF5BB22D4334D1B24 /* Pods_swift_variousUITests.framework in Frameworks */ = {isa = PBXBuildFile; fileRef = 95243445F2198023ACBAD2EE /* Pods_swift_variousUITests.framework */; };
		4845F931FFAB661BC4041312 /* Pods_swift_variousUI.framework in Frameworks */ = {isa = PBXBuildFile; fileRef = 7736294E72827837461ED5CE /* Pods_swift_variousUI.framework */; };
		D21855CB26E3C13800DF7F29 /* TestCollectionViewCell.swift in Sources */ = {isa = PBXBuildFile; fileRef = D21855C926E3C13800DF7F29 /* TestCollectionViewCell.swift */; };
		D228A61429A3C56200A3C0DA /* PasswordSecureTextField.swift in Sources */ = {isa = PBXBuildFile; fileRef = D228A61329A3C56200A3C0DA /* PasswordSecureTextField.swift */; };
		D258C857293509A400C47252 /* CalendarCell.swift in Sources */ = {isa = PBXBuildFile; fileRef = D258C855293509A400C47252 /* CalendarCell.swift */; };
		D258C858293509A400C47252 /* CalendarCell.xib in Resources */ = {isa = PBXBuildFile; fileRef = D258C856293509A400C47252 /* CalendarCell.xib */; };
		D260BECD2999F81700AC18F2 /* UIViewController+Keyboard.swift in Sources */ = {isa = PBXBuildFile; fileRef = D260BECC2999F81700AC18F2 /* UIViewController+Keyboard.swift */; };
		D260BED0299BCB4700AC18F2 /* CameraViewController.swift in Sources */ = {isa = PBXBuildFile; fileRef = D260BECF299BCB4700AC18F2 /* CameraViewController.swift */; };
		D260BED2299BCBE300AC18F2 /* Camera.storyboard in Resources */ = {isa = PBXBuildFile; fileRef = D260BED1299BCBE300AC18F2 /* Camera.storyboard */; };
		D27AF33A2974360E00642A0F /* AttributeString.storyboard in Resources */ = {isa = PBXBuildFile; fileRef = D27AF3392974360E00642A0F /* AttributeString.storyboard */; };
		D27AF33C2974362A00642A0F /* AttributeStringViewController.swift in Sources */ = {isa = PBXBuildFile; fileRef = D27AF33B2974362A00642A0F /* AttributeStringViewController.swift */; };
		D27D857C29A7A81C00A87448 /* SwitchViewController.swift in Sources */ = {isa = PBXBuildFile; fileRef = D27D857B29A7A81C00A87448 /* SwitchViewController.swift */; };
		D27D857E29A7C8AE00A87448 /* DecorateLabel.swift in Sources */ = {isa = PBXBuildFile; fileRef = D27D857D29A7C8AE00A87448 /* DecorateLabel.swift */; };
		D27D858129AD0B3C00A87448 /* RippleButton.swift in Sources */ = {isa = PBXBuildFile; fileRef = D27D858029AD0B3C00A87448 /* RippleButton.swift */; };
		D27D858329AD9E0F00A87448 /* TextViewController.swift in Sources */ = {isa = PBXBuildFile; fileRef = D27D858229AD9E0F00A87448 /* TextViewController.swift */; };
		D27D858529AD9E2300A87448 /* PlaceHolderTextView.swift in Sources */ = {isa = PBXBuildFile; fileRef = D27D858429AD9E2300A87448 /* PlaceHolderTextView.swift */; };
		D2848B1C28C248A400D64710 /* PencilKitViewController.swift in Sources */ = {isa = PBXBuildFile; fileRef = D2848B1B28C248A400D64710 /* PencilKitViewController.swift */; };
		D2848B1E28C2492E00D64710 /* Pencil.storyboard in Resources */ = {isa = PBXBuildFile; fileRef = D2848B1D28C2492E00D64710 /* Pencil.storyboard */; };
		D2892345299532D1000B1834 /* Segment.storyboard in Resources */ = {isa = PBXBuildFile; fileRef = D2892344299532D1000B1834 /* Segment.storyboard */; };
		D2892347299532E7000B1834 /* SegmentViewController.swift in Sources */ = {isa = PBXBuildFile; fileRef = D2892346299532E7000B1834 /* SegmentViewController.swift */; };
		D28923492996AB94000B1834 /* UIView+IBInspectable.swift in Sources */ = {isa = PBXBuildFile; fileRef = D28923482996AB94000B1834 /* UIView+IBInspectable.swift */; };
		D2915B2129B3317A00D7F983 /* NotoSansJP-Regular.otf in Resources */ = {isa = PBXBuildFile; fileRef = D2915B1A29B3317A00D7F983 /* NotoSansJP-Regular.otf */; };
		D2915B2229B3317A00D7F983 /* NotoSansJP-Regular.otf in Resources */ = {isa = PBXBuildFile; fileRef = D2915B1A29B3317A00D7F983 /* NotoSansJP-Regular.otf */; };
		D2915B2329B3317A00D7F983 /* NotoSansJP-Regular.otf in Resources */ = {isa = PBXBuildFile; fileRef = D2915B1A29B3317A00D7F983 /* NotoSansJP-Regular.otf */; };
		D2915B2429B3317A00D7F983 /* NotoSansJP-Medium.otf in Resources */ = {isa = PBXBuildFile; fileRef = D2915B1B29B3317A00D7F983 /* NotoSansJP-Medium.otf */; };
		D2915B2529B3317A00D7F983 /* NotoSansJP-Medium.otf in Resources */ = {isa = PBXBuildFile; fileRef = D2915B1B29B3317A00D7F983 /* NotoSansJP-Medium.otf */; };
		D2915B2629B3317A00D7F983 /* NotoSansJP-Medium.otf in Resources */ = {isa = PBXBuildFile; fileRef = D2915B1B29B3317A00D7F983 /* NotoSansJP-Medium.otf */; };
		D2915B2729B3317A00D7F983 /* NotoSansJP-Light.otf in Resources */ = {isa = PBXBuildFile; fileRef = D2915B1C29B3317A00D7F983 /* NotoSansJP-Light.otf */; };
		D2915B2829B3317A00D7F983 /* NotoSansJP-Light.otf in Resources */ = {isa = PBXBuildFile; fileRef = D2915B1C29B3317A00D7F983 /* NotoSansJP-Light.otf */; };
		D2915B2929B3317A00D7F983 /* NotoSansJP-Light.otf in Resources */ = {isa = PBXBuildFile; fileRef = D2915B1C29B3317A00D7F983 /* NotoSansJP-Light.otf */; };
		D2915B2A29B3317A00D7F983 /* NotoSansJP-Thin.otf in Resources */ = {isa = PBXBuildFile; fileRef = D2915B1D29B3317A00D7F983 /* NotoSansJP-Thin.otf */; };
		D2915B2B29B3317A00D7F983 /* NotoSansJP-Thin.otf in Resources */ = {isa = PBXBuildFile; fileRef = D2915B1D29B3317A00D7F983 /* NotoSansJP-Thin.otf */; };
		D2915B2C29B3317A00D7F983 /* NotoSansJP-Thin.otf in Resources */ = {isa = PBXBuildFile; fileRef = D2915B1D29B3317A00D7F983 /* NotoSansJP-Thin.otf */; };
		D2915B2D29B3317A00D7F983 /* NotoSansJP-Bold.otf in Resources */ = {isa = PBXBuildFile; fileRef = D2915B1E29B3317A00D7F983 /* NotoSansJP-Bold.otf */; };
		D2915B2E29B3317A00D7F983 /* NotoSansJP-Bold.otf in Resources */ = {isa = PBXBuildFile; fileRef = D2915B1E29B3317A00D7F983 /* NotoSansJP-Bold.otf */; };
		D2915B2F29B3317A00D7F983 /* NotoSansJP-Bold.otf in Resources */ = {isa = PBXBuildFile; fileRef = D2915B1E29B3317A00D7F983 /* NotoSansJP-Bold.otf */; };
		D2915B3029B3317A00D7F983 /* OFL.txt in Resources */ = {isa = PBXBuildFile; fileRef = D2915B1F29B3317A00D7F983 /* OFL.txt */; };
		D2915B3129B3317A00D7F983 /* OFL.txt in Resources */ = {isa = PBXBuildFile; fileRef = D2915B1F29B3317A00D7F983 /* OFL.txt */; };
		D2915B3229B3317A00D7F983 /* OFL.txt in Resources */ = {isa = PBXBuildFile; fileRef = D2915B1F29B3317A00D7F983 /* OFL.txt */; };
		D2915B3329B3317A00D7F983 /* NotoSansJP-Black.otf in Resources */ = {isa = PBXBuildFile; fileRef = D2915B2029B3317A00D7F983 /* NotoSansJP-Black.otf */; };
		D2915B3429B3317A00D7F983 /* NotoSansJP-Black.otf in Resources */ = {isa = PBXBuildFile; fileRef = D2915B2029B3317A00D7F983 /* NotoSansJP-Black.otf */; };
		D2915B3529B3317A00D7F983 /* NotoSansJP-Black.otf in Resources */ = {isa = PBXBuildFile; fileRef = D2915B2029B3317A00D7F983 /* NotoSansJP-Black.otf */; };
		D29358DA29A4D9700054DC28 /* CustomSegmentControl.swift in Sources */ = {isa = PBXBuildFile; fileRef = D29358D929A4D9700054DC28 /* CustomSegmentControl.swift */; };
		D2A353E728DDF55100F5786A /* CompositionalLayoutsViewController.swift in Sources */ = {isa = PBXBuildFile; fileRef = D2A353E628DDF55100F5786A /* CompositionalLayoutsViewController.swift */; };
		D2A353E928DE9CF300F5786A /* CompositionalLayoutsCollectionView.swift in Sources */ = {isa = PBXBuildFile; fileRef = D2A353E828DE9CF300F5786A /* CompositionalLayoutsCollectionView.swift */; };
		D2A353EC28DF0EF800F5786A /* UICollectionView+Registration.swift in Sources */ = {isa = PBXBuildFile; fileRef = D2A353EB28DF0EF800F5786A /* UICollectionView+Registration.swift */; };
		D2A353EF28DF1FBC00F5786A /* CompositionalLayoutsCollectionCell.swift in Sources */ = {isa = PBXBuildFile; fileRef = D2A353ED28DF1FBC00F5786A /* CompositionalLayoutsCollectionCell.swift */; };
		D2A353F028DF1FBC00F5786A /* CompositionalLayoutsCollectionCell.xib in Resources */ = {isa = PBXBuildFile; fileRef = D2A353EE28DF1FBC00F5786A /* CompositionalLayoutsCollectionCell.xib */; };
		D2A353F228DF2FA400F5786A /* CompositionalLayoutsCollectionViewInteractor.swift in Sources */ = {isa = PBXBuildFile; fileRef = D2A353F128DF2FA400F5786A /* CompositionalLayoutsCollectionViewInteractor.swift */; };
		D2A353F928DFF56000F5786A /* TabPagerViewController.swift in Sources */ = {isa = PBXBuildFile; fileRef = D2A353F828DFF56000F5786A /* TabPagerViewController.swift */; };
		D2A353FB28DFF5D200F5786A /* Tab.storyboard in Resources */ = {isa = PBXBuildFile; fileRef = D2A353FA28DFF5D200F5786A /* Tab.storyboard */; };
		D2A3547D290548A300F5786A /* CalenderViewController.swift in Sources */ = {isa = PBXBuildFile; fileRef = D2A3547C290548A200F5786A /* CalenderViewController.swift */; };
		D2A3547F2905625200F5786A /* CalenderCollectionView.swift in Sources */ = {isa = PBXBuildFile; fileRef = D2A3547E2905625200F5786A /* CalenderCollectionView.swift */; };
		D2A35481290564A000F5786A /* CalenderCollectionViewInteractor.swift in Sources */ = {isa = PBXBuildFile; fileRef = D2A35480290564A000F5786A /* CalenderCollectionViewInteractor.swift */; };
		D2A8C511283118A500AFC23F /* LoginCustomViewController.swift in Sources */ = {isa = PBXBuildFile; fileRef = D2A8C510283118A500AFC23F /* LoginCustomViewController.swift */; };
		D2A8C5132831196200AFC23F /* LoginCustomView.xib in Resources */ = {isa = PBXBuildFile; fileRef = D2A8C5122831196200AFC23F /* LoginCustomView.xib */; };
		D2A8C51528311A4B00AFC23F /* LoginCustomView.swift in Sources */ = {isa = PBXBuildFile; fileRef = D2A8C51428311A4B00AFC23F /* LoginCustomView.swift */; };
		D2A8C51828341E4B00AFC23F /* MainTabBarController.swift in Sources */ = {isa = PBXBuildFile; fileRef = D2A8C51728341E4B00AFC23F /* MainTabBarController.swift */; };
		D2AC139F2531E8C0007EE06A /* AppDelegate.swift in Sources */ = {isa = PBXBuildFile; fileRef = D2AC139E2531E8C0007EE06A /* AppDelegate.swift */; };
		D2AC13A12531E8C0007EE06A /* SceneDelegate.swift in Sources */ = {isa = PBXBuildFile; fileRef = D2AC13A02531E8C0007EE06A /* SceneDelegate.swift */; };
		D2AC13A82531E8C3007EE06A /* Assets.xcassets in Resources */ = {isa = PBXBuildFile; fileRef = D2AC13A72531E8C3007EE06A /* Assets.xcassets */; };
		D2AC13AB2531E8C3007EE06A /* LaunchScreen.storyboard in Resources */ = {isa = PBXBuildFile; fileRef = D2AC13A92531E8C3007EE06A /* LaunchScreen.storyboard */; };
		D2AC13B62531E8C3007EE06A /* swift_variousUITests.swift in Sources */ = {isa = PBXBuildFile; fileRef = D2AC13B52531E8C3007EE06A /* swift_variousUITests.swift */; };
		D2AC13C12531E8C3007EE06A /* swift_variousUIUITests.swift in Sources */ = {isa = PBXBuildFile; fileRef = D2AC13C02531E8C3007EE06A /* swift_variousUIUITests.swift */; };
		D2AC13CF25320C8E007EE06A /* Login.storyboard in Resources */ = {isa = PBXBuildFile; fileRef = D2AC13CE25320C8E007EE06A /* Login.storyboard */; };
		D2AC13D12532353C007EE06A /* LoginForm.xib in Resources */ = {isa = PBXBuildFile; fileRef = D2AC13D02532353C007EE06A /* LoginForm.xib */; };
		D2AC13D325329DB7007EE06A /* LoginForm.swift in Sources */ = {isa = PBXBuildFile; fileRef = D2AC13D225329DB7007EE06A /* LoginForm.swift */; };
		D2AC13D52532A1E8007EE06A /* LoginViewController.swift in Sources */ = {isa = PBXBuildFile; fileRef = D2AC13D42532A1E8007EE06A /* LoginViewController.swift */; };
		D2AC13D8253B6995007EE06A /* CollectionViewController.swift in Sources */ = {isa = PBXBuildFile; fileRef = D2AC13D7253B6995007EE06A /* CollectionViewController.swift */; };
		D2AC13DD253B6ACC007EE06A /* XibInstance.swift in Sources */ = {isa = PBXBuildFile; fileRef = D2AC13DC253B6ACC007EE06A /* XibInstance.swift */; };
		D2AC13DF253B6B5F007EE06A /* Collection.storyboard in Resources */ = {isa = PBXBuildFile; fileRef = D2AC13DE253B6B5F007EE06A /* Collection.storyboard */; };
/* End PBXBuildFile section */

/* Begin PBXContainerItemProxy section */
		D2AC13B22531E8C3007EE06A /* PBXContainerItemProxy */ = {
			isa = PBXContainerItemProxy;
			containerPortal = D2AC13932531E8C0007EE06A /* Project object */;
			proxyType = 1;
			remoteGlobalIDString = D2AC139A2531E8C0007EE06A;
			remoteInfo = swift_variousUI;
		};
		D2AC13BD2531E8C3007EE06A /* PBXContainerItemProxy */ = {
			isa = PBXContainerItemProxy;
			containerPortal = D2AC13932531E8C0007EE06A /* Project object */;
			proxyType = 1;
			remoteGlobalIDString = D2AC139A2531E8C0007EE06A;
			remoteInfo = swift_variousUI;
		};
/* End PBXContainerItemProxy section */

/* Begin PBXFileReference section */
		06A03C2D9023CDC86E71909B /* Pods-swift_variousUI.release.xcconfig */ = {isa = PBXFileReference; includeInIndex = 1; lastKnownFileType = text.xcconfig; name = "Pods-swift_variousUI.release.xcconfig"; path = "Target Support Files/Pods-swift_variousUI/Pods-swift_variousUI.release.xcconfig"; sourceTree = "<group>"; };
		318D8F01EB393B4AAF513111 /* Pods-swift_variousUI-swift_variousUIUITests.release.xcconfig */ = {isa = PBXFileReference; includeInIndex = 1; lastKnownFileType = text.xcconfig; name = "Pods-swift_variousUI-swift_variousUIUITests.release.xcconfig"; path = "Target Support Files/Pods-swift_variousUI-swift_variousUIUITests/Pods-swift_variousUI-swift_variousUIUITests.release.xcconfig"; sourceTree = "<group>"; };
		4046E6ECE261CEAC0E2C34E0 /* Pods-swift_variousUI.debug.xcconfig */ = {isa = PBXFileReference; includeInIndex = 1; lastKnownFileType = text.xcconfig; name = "Pods-swift_variousUI.debug.xcconfig"; path = "Target Support Files/Pods-swift_variousUI/Pods-swift_variousUI.debug.xcconfig"; sourceTree = "<group>"; };
		69A9BA5C127CE047378E8F7F /* Pods-swift_variousUITests.debug.xcconfig */ = {isa = PBXFileReference; includeInIndex = 1; lastKnownFileType = text.xcconfig; name = "Pods-swift_variousUITests.debug.xcconfig"; path = "Target Support Files/Pods-swift_variousUITests/Pods-swift_variousUITests.debug.xcconfig"; sourceTree = "<group>"; };
		7736294E72827837461ED5CE /* Pods_swift_variousUI.framework */ = {isa = PBXFileReference; explicitFileType = wrapper.framework; includeInIndex = 0; path = Pods_swift_variousUI.framework; sourceTree = BUILT_PRODUCTS_DIR; };
		95243445F2198023ACBAD2EE /* Pods_swift_variousUITests.framework */ = {isa = PBXFileReference; explicitFileType = wrapper.framework; includeInIndex = 0; path = Pods_swift_variousUITests.framework; sourceTree = BUILT_PRODUCTS_DIR; };
		9A8AC913B5D7CE20CA9CF6AA /* Pods-swift_variousUITests.release.xcconfig */ = {isa = PBXFileReference; includeInIndex = 1; lastKnownFileType = text.xcconfig; name = "Pods-swift_variousUITests.release.xcconfig"; path = "Target Support Files/Pods-swift_variousUITests/Pods-swift_variousUITests.release.xcconfig"; sourceTree = "<group>"; };
		D21855C926E3C13800DF7F29 /* TestCollectionViewCell.swift */ = {isa = PBXFileReference; lastKnownFileType = sourcecode.swift; path = TestCollectionViewCell.swift; sourceTree = "<group>"; };
		D228A61329A3C56200A3C0DA /* PasswordSecureTextField.swift */ = {isa = PBXFileReference; lastKnownFileType = sourcecode.swift; path = PasswordSecureTextField.swift; sourceTree = "<group>"; };
		D258C855293509A400C47252 /* CalendarCell.swift */ = {isa = PBXFileReference; lastKnownFileType = sourcecode.swift; path = CalendarCell.swift; sourceTree = "<group>"; };
		D258C856293509A400C47252 /* CalendarCell.xib */ = {isa = PBXFileReference; lastKnownFileType = file.xib; path = CalendarCell.xib; sourceTree = "<group>"; };
		D260BECC2999F81700AC18F2 /* UIViewController+Keyboard.swift */ = {isa = PBXFileReference; lastKnownFileType = sourcecode.swift; path = "UIViewController+Keyboard.swift"; sourceTree = "<group>"; };
		D260BECF299BCB4700AC18F2 /* CameraViewController.swift */ = {isa = PBXFileReference; lastKnownFileType = sourcecode.swift; path = CameraViewController.swift; sourceTree = "<group>"; };
		D260BED1299BCBE300AC18F2 /* Camera.storyboard */ = {isa = PBXFileReference; lastKnownFileType = file.storyboard; path = Camera.storyboard; sourceTree = "<group>"; };
		D27AF3392974360E00642A0F /* AttributeString.storyboard */ = {isa = PBXFileReference; lastKnownFileType = file.storyboard; path = AttributeString.storyboard; sourceTree = "<group>"; };
		D27AF33B2974362A00642A0F /* AttributeStringViewController.swift */ = {isa = PBXFileReference; lastKnownFileType = sourcecode.swift; path = AttributeStringViewController.swift; sourceTree = "<group>"; };
		D27D857B29A7A81C00A87448 /* SwitchViewController.swift */ = {isa = PBXFileReference; lastKnownFileType = sourcecode.swift; path = SwitchViewController.swift; sourceTree = "<group>"; };
		D27D857D29A7C8AE00A87448 /* DecorateLabel.swift */ = {isa = PBXFileReference; lastKnownFileType = sourcecode.swift; path = DecorateLabel.swift; sourceTree = "<group>"; };
		D27D858029AD0B3C00A87448 /* RippleButton.swift */ = {isa = PBXFileReference; lastKnownFileType = sourcecode.swift; path = RippleButton.swift; sourceTree = "<group>"; };
		D27D858229AD9E0F00A87448 /* TextViewController.swift */ = {isa = PBXFileReference; lastKnownFileType = sourcecode.swift; path = TextViewController.swift; sourceTree = "<group>"; };
		D27D858429AD9E2300A87448 /* PlaceHolderTextView.swift */ = {isa = PBXFileReference; lastKnownFileType = sourcecode.swift; path = PlaceHolderTextView.swift; sourceTree = "<group>"; };
		D2848B1B28C248A400D64710 /* PencilKitViewController.swift */ = {isa = PBXFileReference; lastKnownFileType = sourcecode.swift; path = PencilKitViewController.swift; sourceTree = "<group>"; };
		D2848B1D28C2492E00D64710 /* Pencil.storyboard */ = {isa = PBXFileReference; lastKnownFileType = file.storyboard; path = Pencil.storyboard; sourceTree = "<group>"; };
		D2892344299532D1000B1834 /* Segment.storyboard */ = {isa = PBXFileReference; lastKnownFileType = file.storyboard; path = Segment.storyboard; sourceTree = "<group>"; };
		D2892346299532E7000B1834 /* SegmentViewController.swift */ = {isa = PBXFileReference; lastKnownFileType = sourcecode.swift; path = SegmentViewController.swift; sourceTree = "<group>"; };
		D28923482996AB94000B1834 /* UIView+IBInspectable.swift */ = {isa = PBXFileReference; lastKnownFileType = sourcecode.swift; path = "UIView+IBInspectable.swift"; sourceTree = "<group>"; };
		D2915B1A29B3317A00D7F983 /* NotoSansJP-Regular.otf */ = {isa = PBXFileReference; lastKnownFileType = file; path = "NotoSansJP-Regular.otf"; sourceTree = "<group>"; };
		D2915B1B29B3317A00D7F983 /* NotoSansJP-Medium.otf */ = {isa = PBXFileReference; lastKnownFileType = file; path = "NotoSansJP-Medium.otf"; sourceTree = "<group>"; };
		D2915B1C29B3317A00D7F983 /* NotoSansJP-Light.otf */ = {isa = PBXFileReference; lastKnownFileType = file; path = "NotoSansJP-Light.otf"; sourceTree = "<group>"; };
		D2915B1D29B3317A00D7F983 /* NotoSansJP-Thin.otf */ = {isa = PBXFileReference; lastKnownFileType = file; path = "NotoSansJP-Thin.otf"; sourceTree = "<group>"; };
		D2915B1E29B3317A00D7F983 /* NotoSansJP-Bold.otf */ = {isa = PBXFileReference; lastKnownFileType = file; path = "NotoSansJP-Bold.otf"; sourceTree = "<group>"; };
		D2915B1F29B3317A00D7F983 /* OFL.txt */ = {isa = PBXFileReference; fileEncoding = 4; lastKnownFileType = text; path = OFL.txt; sourceTree = "<group>"; };
		D2915B2029B3317A00D7F983 /* NotoSansJP-Black.otf */ = {isa = PBXFileReference; lastKnownFileType = file; path = "NotoSansJP-Black.otf"; sourceTree = "<group>"; };
		D29358D929A4D9700054DC28 /* CustomSegmentControl.swift */ = {isa = PBXFileReference; lastKnownFileType = sourcecode.swift; path = CustomSegmentControl.swift; sourceTree = "<group>"; };
		D2A353E628DDF55100F5786A /* CompositionalLayoutsViewController.swift */ = {isa = PBXFileReference; lastKnownFileType = sourcecode.swift; path = CompositionalLayoutsViewController.swift; sourceTree = "<group>"; };
		D2A353E828DE9CF300F5786A /* CompositionalLayoutsCollectionView.swift */ = {isa = PBXFileReference; lastKnownFileType = sourcecode.swift; path = CompositionalLayoutsCollectionView.swift; sourceTree = "<group>"; };
		D2A353EB28DF0EF800F5786A /* UICollectionView+Registration.swift */ = {isa = PBXFileReference; lastKnownFileType = sourcecode.swift; path = "UICollectionView+Registration.swift"; sourceTree = "<group>"; };
		D2A353ED28DF1FBC00F5786A /* CompositionalLayoutsCollectionCell.swift */ = {isa = PBXFileReference; lastKnownFileType = sourcecode.swift; path = CompositionalLayoutsCollectionCell.swift; sourceTree = "<group>"; };
		D2A353EE28DF1FBC00F5786A /* CompositionalLayoutsCollectionCell.xib */ = {isa = PBXFileReference; lastKnownFileType = file.xib; path = CompositionalLayoutsCollectionCell.xib; sourceTree = "<group>"; };
		D2A353F128DF2FA400F5786A /* CompositionalLayoutsCollectionViewInteractor.swift */ = {isa = PBXFileReference; lastKnownFileType = sourcecode.swift; path = CompositionalLayoutsCollectionViewInteractor.swift; sourceTree = "<group>"; };
		D2A353F828DFF56000F5786A /* TabPagerViewController.swift */ = {isa = PBXFileReference; lastKnownFileType = sourcecode.swift; path = TabPagerViewController.swift; sourceTree = "<group>"; };
		D2A353FA28DFF5D200F5786A /* Tab.storyboard */ = {isa = PBXFileReference; lastKnownFileType = file.storyboard; path = Tab.storyboard; sourceTree = "<group>"; };
		D2A3547C290548A200F5786A /* CalenderViewController.swift */ = {isa = PBXFileReference; lastKnownFileType = sourcecode.swift; path = CalenderViewController.swift; sourceTree = "<group>"; };
		D2A3547E2905625200F5786A /* CalenderCollectionView.swift */ = {isa = PBXFileReference; lastKnownFileType = sourcecode.swift; path = CalenderCollectionView.swift; sourceTree = "<group>"; };
		D2A35480290564A000F5786A /* CalenderCollectionViewInteractor.swift */ = {isa = PBXFileReference; lastKnownFileType = sourcecode.swift; path = CalenderCollectionViewInteractor.swift; sourceTree = "<group>"; };
		D2A8C510283118A500AFC23F /* LoginCustomViewController.swift */ = {isa = PBXFileReference; lastKnownFileType = sourcecode.swift; path = LoginCustomViewController.swift; sourceTree = "<group>"; };
		D2A8C5122831196200AFC23F /* LoginCustomView.xib */ = {isa = PBXFileReference; lastKnownFileType = file.xib; path = LoginCustomView.xib; sourceTree = "<group>"; };
		D2A8C51428311A4B00AFC23F /* LoginCustomView.swift */ = {isa = PBXFileReference; lastKnownFileType = sourcecode.swift; path = LoginCustomView.swift; sourceTree = "<group>"; };
		D2A8C51728341E4B00AFC23F /* MainTabBarController.swift */ = {isa = PBXFileReference; lastKnownFileType = sourcecode.swift; path = MainTabBarController.swift; sourceTree = "<group>"; };
		D2AC139B2531E8C0007EE06A /* swift_variousUI.app */ = {isa = PBXFileReference; explicitFileType = wrapper.application; includeInIndex = 0; path = swift_variousUI.app; sourceTree = BUILT_PRODUCTS_DIR; };
		D2AC139E2531E8C0007EE06A /* AppDelegate.swift */ = {isa = PBXFileReference; lastKnownFileType = sourcecode.swift; path = AppDelegate.swift; sourceTree = "<group>"; };
		D2AC13A02531E8C0007EE06A /* SceneDelegate.swift */ = {isa = PBXFileReference; lastKnownFileType = sourcecode.swift; path = SceneDelegate.swift; sourceTree = "<group>"; };
		D2AC13A72531E8C3007EE06A /* Assets.xcassets */ = {isa = PBXFileReference; lastKnownFileType = folder.assetcatalog; path = Assets.xcassets; sourceTree = "<group>"; };
		D2AC13AA2531E8C3007EE06A /* Base */ = {isa = PBXFileReference; lastKnownFileType = file.storyboard; name = Base; path = Base.lproj/LaunchScreen.storyboard; sourceTree = "<group>"; };
		D2AC13AC2531E8C3007EE06A /* Info.plist */ = {isa = PBXFileReference; lastKnownFileType = text.plist.xml; path = Info.plist; sourceTree = "<group>"; };
		D2AC13B12531E8C3007EE06A /* swift_variousUITests.xctest */ = {isa = PBXFileReference; explicitFileType = wrapper.cfbundle; includeInIndex = 0; path = swift_variousUITests.xctest; sourceTree = BUILT_PRODUCTS_DIR; };
		D2AC13B52531E8C3007EE06A /* swift_variousUITests.swift */ = {isa = PBXFileReference; lastKnownFileType = sourcecode.swift; path = swift_variousUITests.swift; sourceTree = "<group>"; };
		D2AC13B72531E8C3007EE06A /* Info.plist */ = {isa = PBXFileReference; lastKnownFileType = text.plist.xml; path = Info.plist; sourceTree = "<group>"; };
		D2AC13BC2531E8C3007EE06A /* swift_variousUIUITests.xctest */ = {isa = PBXFileReference; explicitFileType = wrapper.cfbundle; includeInIndex = 0; path = swift_variousUIUITests.xctest; sourceTree = BUILT_PRODUCTS_DIR; };
		D2AC13C02531E8C3007EE06A /* swift_variousUIUITests.swift */ = {isa = PBXFileReference; lastKnownFileType = sourcecode.swift; path = swift_variousUIUITests.swift; sourceTree = "<group>"; };
		D2AC13C22531E8C3007EE06A /* Info.plist */ = {isa = PBXFileReference; lastKnownFileType = text.plist.xml; path = Info.plist; sourceTree = "<group>"; };
		D2AC13CE25320C8E007EE06A /* Login.storyboard */ = {isa = PBXFileReference; lastKnownFileType = file.storyboard; path = Login.storyboard; sourceTree = "<group>"; };
		D2AC13D02532353C007EE06A /* LoginForm.xib */ = {isa = PBXFileReference; lastKnownFileType = file.xib; path = LoginForm.xib; sourceTree = "<group>"; };
		D2AC13D225329DB7007EE06A /* LoginForm.swift */ = {isa = PBXFileReference; lastKnownFileType = sourcecode.swift; path = LoginForm.swift; sourceTree = "<group>"; };
		D2AC13D42532A1E8007EE06A /* LoginViewController.swift */ = {isa = PBXFileReference; lastKnownFileType = sourcecode.swift; path = LoginViewController.swift; sourceTree = "<group>"; };
		D2AC13D7253B6995007EE06A /* CollectionViewController.swift */ = {isa = PBXFileReference; lastKnownFileType = sourcecode.swift; path = CollectionViewController.swift; sourceTree = "<group>"; };
		D2AC13DC253B6ACC007EE06A /* XibInstance.swift */ = {isa = PBXFileReference; lastKnownFileType = sourcecode.swift; path = XibInstance.swift; sourceTree = "<group>"; };
		D2AC13DE253B6B5F007EE06A /* Collection.storyboard */ = {isa = PBXFileReference; lastKnownFileType = file.storyboard; path = Collection.storyboard; sourceTree = "<group>"; };
		F90C889D70C7A9D2082C3A78 /* Pods_swift_variousUI_swift_variousUIUITests.framework */ = {isa = PBXFileReference; explicitFileType = wrapper.framework; includeInIndex = 0; path = Pods_swift_variousUI_swift_variousUIUITests.framework; sourceTree = BUILT_PRODUCTS_DIR; };
		F93C1AB57E3F16CDE2DA9051 /* Pods-swift_variousUI-swift_variousUIUITests.debug.xcconfig */ = {isa = PBXFileReference; includeInIndex = 1; lastKnownFileType = text.xcconfig; name = "Pods-swift_variousUI-swift_variousUIUITests.debug.xcconfig"; path = "Target Support Files/Pods-swift_variousUI-swift_variousUIUITests/Pods-swift_variousUI-swift_variousUIUITests.debug.xcconfig"; sourceTree = "<group>"; };
/* End PBXFileReference section */

/* Begin PBXFrameworksBuildPhase section */
		D2AC13982531E8C0007EE06A /* Frameworks */ = {
			isa = PBXFrameworksBuildPhase;
			buildActionMask = 2147483647;
			files = (
				4845F931FFAB661BC4041312 /* Pods_swift_variousUI.framework in Frameworks */,
			);
			runOnlyForDeploymentPostprocessing = 0;
		};
		D2AC13AE2531E8C3007EE06A /* Frameworks */ = {
			isa = PBXFrameworksBuildPhase;
			buildActionMask = 2147483647;
			files = (
				2514176AF5BB22D4334D1B24 /* Pods_swift_variousUITests.framework in Frameworks */,
			);
			runOnlyForDeploymentPostprocessing = 0;
		};
		D2AC13B92531E8C3007EE06A /* Frameworks */ = {
			isa = PBXFrameworksBuildPhase;
			buildActionMask = 2147483647;
			files = (
				1E56BBDCD67A23961454F3B6 /* Pods_swift_variousUI_swift_variousUIUITests.framework in Frameworks */,
			);
			runOnlyForDeploymentPostprocessing = 0;
		};
/* End PBXFrameworksBuildPhase section */

/* Begin PBXGroup section */
		96D6B2A22924EE4CCBAA5A91 /* Frameworks */ = {
			isa = PBXGroup;
			children = (
				7736294E72827837461ED5CE /* Pods_swift_variousUI.framework */,
				F90C889D70C7A9D2082C3A78 /* Pods_swift_variousUI_swift_variousUIUITests.framework */,
				95243445F2198023ACBAD2EE /* Pods_swift_variousUITests.framework */,
			);
			name = Frameworks;
			sourceTree = "<group>";
		};
		D07AC316C4465EC67AD5C692 /* Pods */ = {
			isa = PBXGroup;
			children = (
				4046E6ECE261CEAC0E2C34E0 /* Pods-swift_variousUI.debug.xcconfig */,
				06A03C2D9023CDC86E71909B /* Pods-swift_variousUI.release.xcconfig */,
				F93C1AB57E3F16CDE2DA9051 /* Pods-swift_variousUI-swift_variousUIUITests.debug.xcconfig */,
				318D8F01EB393B4AAF513111 /* Pods-swift_variousUI-swift_variousUIUITests.release.xcconfig */,
				69A9BA5C127CE047378E8F7F /* Pods-swift_variousUITests.debug.xcconfig */,
				9A8AC913B5D7CE20CA9CF6AA /* Pods-swift_variousUITests.release.xcconfig */,
			);
			path = Pods;
			sourceTree = "<group>";
		};
		D21855C826E3AF7D00DF7F29 /* Protocol */ = {
			isa = PBXGroup;
			children = (
				D2AC13DC253B6ACC007EE06A /* XibInstance.swift */,
			);
			path = Protocol;
			sourceTree = "<group>";
		};
		D260BECE299BCB2D00AC18F2 /* Camera */ = {
			isa = PBXGroup;
			children = (
				D260BECF299BCB4700AC18F2 /* CameraViewController.swift */,
				D260BED1299BCBE300AC18F2 /* Camera.storyboard */,
			);
			path = Camera;
			sourceTree = "<group>";
		};
		D27AF338297435F500642A0F /* AttributeString */ = {
			isa = PBXGroup;
			children = (
				D27AF3392974360E00642A0F /* AttributeString.storyboard */,
				D27AF33B2974362A00642A0F /* AttributeStringViewController.swift */,
				D27D857D29A7C8AE00A87448 /* DecorateLabel.swift */,
			);
			path = AttributeString;
			sourceTree = "<group>";
		};
		D27D857F29AD0B2400A87448 /* Widget */ = {
			isa = PBXGroup;
			children = (
				D27D858029AD0B3C00A87448 /* RippleButton.swift */,
			);
			path = Widget;
			sourceTree = "<group>";
		};
		D2848B1A28C2487300D64710 /* Pencil */ = {
			isa = PBXGroup;
			children = (
				D2848B1B28C248A400D64710 /* PencilKitViewController.swift */,
				D2848B1D28C2492E00D64710 /* Pencil.storyboard */,
			);
			path = Pencil;
			sourceTree = "<group>";
		};
		D2892343299532BD000B1834 /* Segment */ = {
			isa = PBXGroup;
			children = (
				D2892344299532D1000B1834 /* Segment.storyboard */,
				D2892346299532E7000B1834 /* SegmentViewController.swift */,
				D29358D929A4D9700054DC28 /* CustomSegmentControl.swift */,
				D27D857B29A7A81C00A87448 /* SwitchViewController.swift */,
			);
			path = Segment;
			sourceTree = "<group>";
		};
		D2915AFF29B32CEB00D7F983 /* Resource */ = {
			isa = PBXGroup;
			children = (
				D2915B1929B3317A00D7F983 /* Noto_Sans_JP */,
				D2AC13A92531E8C3007EE06A /* LaunchScreen.storyboard */,
				D2AC13A72531E8C3007EE06A /* Assets.xcassets */,
				D2AC13AC2531E8C3007EE06A /* Info.plist */,
			);
			path = Resource;
			sourceTree = "<group>";
		};
		D2915B1929B3317A00D7F983 /* Noto_Sans_JP */ = {
			isa = PBXGroup;
			children = (
				D2915B1A29B3317A00D7F983 /* NotoSansJP-Regular.otf */,
				D2915B1B29B3317A00D7F983 /* NotoSansJP-Medium.otf */,
				D2915B1C29B3317A00D7F983 /* NotoSansJP-Light.otf */,
				D2915B1D29B3317A00D7F983 /* NotoSansJP-Thin.otf */,
				D2915B1E29B3317A00D7F983 /* NotoSansJP-Bold.otf */,
				D2915B1F29B3317A00D7F983 /* OFL.txt */,
				D2915B2029B3317A00D7F983 /* NotoSansJP-Black.otf */,
			);
			path = Noto_Sans_JP;
			sourceTree = "<group>";
		};
		D2A353EA28DF0EDE00F5786A /* Extension */ = {
			isa = PBXGroup;
			children = (
				D2A353EB28DF0EF800F5786A /* UICollectionView+Registration.swift */,
				D28923482996AB94000B1834 /* UIView+IBInspectable.swift */,
				D260BECC2999F81700AC18F2 /* UIViewController+Keyboard.swift */,
			);
			path = Extension;
			sourceTree = "<group>";
		};
		D2A353F628DFF50200F5786A /* Tab */ = {
			isa = PBXGroup;
			children = (
				D2A353F828DFF56000F5786A /* TabPagerViewController.swift */,
				D2A353FA28DFF5D200F5786A /* Tab.storyboard */,
			);
			path = Tab;
			sourceTree = "<group>";
		};
		D2A353F728DFF51B00F5786A /* Module */ = {
			isa = PBXGroup;
			children = (
				D260BECE299BCB2D00AC18F2 /* Camera */,
				D27AF338297435F500642A0F /* AttributeString */,
				D2A8C51628341E2F00AFC23F /* Base */,
				D2AC13D9253B69FE007EE06A /* CollectionView */,
				D2AC13D6253360C2007EE06A /* Login */,
				D2848B1A28C2487300D64710 /* Pencil */,
				D2892343299532BD000B1834 /* Segment */,
				D2A353F628DFF50200F5786A /* Tab */,
			);
			path = Module;
			sourceTree = "<group>";
		};
		D2A8C51628341E2F00AFC23F /* Base */ = {
			isa = PBXGroup;
			children = (
				D2A8C51728341E4B00AFC23F /* MainTabBarController.swift */,
			);
			path = Base;
			sourceTree = "<group>";
		};
		D2AC13922531E8C0007EE06A = {
			isa = PBXGroup;
			children = (
				D2AC139D2531E8C0007EE06A /* swift_variousUI */,
				D2AC13B42531E8C3007EE06A /* swift_variousUITests */,
				D2AC13BF2531E8C3007EE06A /* swift_variousUIUITests */,
				D2AC139C2531E8C0007EE06A /* Products */,
				D07AC316C4465EC67AD5C692 /* Pods */,
				96D6B2A22924EE4CCBAA5A91 /* Frameworks */,
			);
			sourceTree = "<group>";
		};
		D2AC139C2531E8C0007EE06A /* Products */ = {
			isa = PBXGroup;
			children = (
				D2AC139B2531E8C0007EE06A /* swift_variousUI.app */,
				D2AC13B12531E8C3007EE06A /* swift_variousUITests.xctest */,
				D2AC13BC2531E8C3007EE06A /* swift_variousUIUITests.xctest */,
			);
			name = Products;
			sourceTree = "<group>";
		};
		D2AC139D2531E8C0007EE06A /* swift_variousUI */ = {
			isa = PBXGroup;
			children = (
				D2A353EA28DF0EDE00F5786A /* Extension */,
				D2A353F728DFF51B00F5786A /* Module */,
				D21855C826E3AF7D00DF7F29 /* Protocol */,
				D27D857F29AD0B2400A87448 /* Widget */,
				D2AC139E2531E8C0007EE06A /* AppDelegate.swift */,
				D2AC13A02531E8C0007EE06A /* SceneDelegate.swift */,
				D2915AFF29B32CEB00D7F983 /* Resource */,
			);
			path = swift_variousUI;
			sourceTree = "<group>";
		};
		D2AC13B42531E8C3007EE06A /* swift_variousUITests */ = {
			isa = PBXGroup;
			children = (
				D2AC13B52531E8C3007EE06A /* swift_variousUITests.swift */,
				D2AC13B72531E8C3007EE06A /* Info.plist */,
			);
			path = swift_variousUITests;
			sourceTree = "<group>";
		};
		D2AC13BF2531E8C3007EE06A /* swift_variousUIUITests */ = {
			isa = PBXGroup;
			children = (
				D2AC13C02531E8C3007EE06A /* swift_variousUIUITests.swift */,
				D2AC13C22531E8C3007EE06A /* Info.plist */,
			);
			path = swift_variousUIUITests;
			sourceTree = "<group>";
		};
		D2AC13D6253360C2007EE06A /* Login */ = {
			isa = PBXGroup;
			children = (
				D2AC13D42532A1E8007EE06A /* LoginViewController.swift */,
				D2AC13D225329DB7007EE06A /* LoginForm.swift */,
				D2AC13D02532353C007EE06A /* LoginForm.xib */,
				D2AC13CE25320C8E007EE06A /* Login.storyboard */,
				D2A8C510283118A500AFC23F /* LoginCustomViewController.swift */,
				D2A8C51428311A4B00AFC23F /* LoginCustomView.swift */,
				D2A8C5122831196200AFC23F /* LoginCustomView.xib */,
				D228A61329A3C56200A3C0DA /* PasswordSecureTextField.swift */,
				D27D858229AD9E0F00A87448 /* TextViewController.swift */,
				D27D858429AD9E2300A87448 /* PlaceHolderTextView.swift */,
			);
			path = Login;
			sourceTree = "<group>";
		};
		D2AC13D9253B69FE007EE06A /* CollectionView */ = {
			isa = PBXGroup;
			children = (
				D2AC13D7253B6995007EE06A /* CollectionViewController.swift */,
				D21855C926E3C13800DF7F29 /* TestCollectionViewCell.swift */,
				D2A353E628DDF55100F5786A /* CompositionalLayoutsViewController.swift */,
				D2A353E828DE9CF300F5786A /* CompositionalLayoutsCollectionView.swift */,
				D2A353F128DF2FA400F5786A /* CompositionalLayoutsCollectionViewInteractor.swift */,
				D2A353ED28DF1FBC00F5786A /* CompositionalLayoutsCollectionCell.swift */,
				D2A353EE28DF1FBC00F5786A /* CompositionalLayoutsCollectionCell.xib */,
				D2A3547C290548A200F5786A /* CalenderViewController.swift */,
				D2A35480290564A000F5786A /* CalenderCollectionViewInteractor.swift */,
				D2A3547E2905625200F5786A /* CalenderCollectionView.swift */,
				D258C855293509A400C47252 /* CalendarCell.swift */,
				D258C856293509A400C47252 /* CalendarCell.xib */,
				D2AC13DE253B6B5F007EE06A /* Collection.storyboard */,
			);
			path = CollectionView;
			sourceTree = "<group>";
		};
/* End PBXGroup section */

/* Begin PBXNativeTarget section */
		D2AC139A2531E8C0007EE06A /* swift_variousUI */ = {
			isa = PBXNativeTarget;
			buildConfigurationList = D2AC13C52531E8C3007EE06A /* Build configuration list for PBXNativeTarget "swift_variousUI" */;
			buildPhases = (
				EE9E7A0625F0AAB60457F538 /* [CP] Check Pods Manifest.lock */,
				D2AC13972531E8C0007EE06A /* Sources */,
				D2AC13982531E8C0007EE06A /* Frameworks */,
				D2AC13992531E8C0007EE06A /* Resources */,
				3C6D2219CB5C173911DA4888 /* [CP] Embed Pods Frameworks */,
			);
			buildRules = (
			);
			dependencies = (
			);
			name = swift_variousUI;
			productName = swift_variousUI;
			productReference = D2AC139B2531E8C0007EE06A /* swift_variousUI.app */;
			productType = "com.apple.product-type.application";
		};
		D2AC13B02531E8C3007EE06A /* swift_variousUITests */ = {
			isa = PBXNativeTarget;
			buildConfigurationList = D2AC13C82531E8C3007EE06A /* Build configuration list for PBXNativeTarget "swift_variousUITests" */;
			buildPhases = (
				107A741A801982B81DB80C63 /* [CP] Check Pods Manifest.lock */,
				D2AC13AD2531E8C3007EE06A /* Sources */,
				D2AC13AE2531E8C3007EE06A /* Frameworks */,
				D2AC13AF2531E8C3007EE06A /* Resources */,
			);
			buildRules = (
			);
			dependencies = (
				D2AC13B32531E8C3007EE06A /* PBXTargetDependency */,
			);
			name = swift_variousUITests;
			productName = swift_variousUITests;
			productReference = D2AC13B12531E8C3007EE06A /* swift_variousUITests.xctest */;
			productType = "com.apple.product-type.bundle.unit-test";
		};
		D2AC13BB2531E8C3007EE06A /* swift_variousUIUITests */ = {
			isa = PBXNativeTarget;
			buildConfigurationList = D2AC13CB2531E8C3007EE06A /* Build configuration list for PBXNativeTarget "swift_variousUIUITests" */;
			buildPhases = (
				CA7929A1B09298E7DDDFB113 /* [CP] Check Pods Manifest.lock */,
				D2AC13B82531E8C3007EE06A /* Sources */,
				D2AC13B92531E8C3007EE06A /* Frameworks */,
				D2AC13BA2531E8C3007EE06A /* Resources */,
				7D65E68A579FC6C6AB5FBB1B /* [CP] Embed Pods Frameworks */,
			);
			buildRules = (
			);
			dependencies = (
				D2AC13BE2531E8C3007EE06A /* PBXTargetDependency */,
			);
			name = swift_variousUIUITests;
			productName = swift_variousUIUITests;
			productReference = D2AC13BC2531E8C3007EE06A /* swift_variousUIUITests.xctest */;
			productType = "com.apple.product-type.bundle.ui-testing";
		};
/* End PBXNativeTarget section */

/* Begin PBXProject section */
		D2AC13932531E8C0007EE06A /* Project object */ = {
			isa = PBXProject;
			attributes = {
				LastSwiftUpdateCheck = 1110;
				LastUpgradeCheck = 1110;
				ORGANIZATIONNAME = kuma;
				TargetAttributes = {
					D2AC139A2531E8C0007EE06A = {
						CreatedOnToolsVersion = 11.1;
					};
					D2AC13B02531E8C3007EE06A = {
						CreatedOnToolsVersion = 11.1;
						TestTargetID = D2AC139A2531E8C0007EE06A;
					};
					D2AC13BB2531E8C3007EE06A = {
						CreatedOnToolsVersion = 11.1;
						TestTargetID = D2AC139A2531E8C0007EE06A;
					};
				};
			};
			buildConfigurationList = D2AC13962531E8C0007EE06A /* Build configuration list for PBXProject "swift_variousUI" */;
			compatibilityVersion = "Xcode 9.3";
			developmentRegion = en;
			hasScannedForEncodings = 0;
			knownRegions = (
				en,
				Base,
			);
			mainGroup = D2AC13922531E8C0007EE06A;
			productRefGroup = D2AC139C2531E8C0007EE06A /* Products */;
			projectDirPath = "";
			projectRoot = "";
			targets = (
				D2AC139A2531E8C0007EE06A /* swift_variousUI */,
				D2AC13B02531E8C3007EE06A /* swift_variousUITests */,
				D2AC13BB2531E8C3007EE06A /* swift_variousUIUITests */,
			);
		};
/* End PBXProject section */

/* Begin PBXResourcesBuildPhase section */
		D2AC13992531E8C0007EE06A /* Resources */ = {
			isa = PBXResourcesBuildPhase;
			buildActionMask = 2147483647;
			files = (
				D2AC13D12532353C007EE06A /* LoginForm.xib in Resources */,
				D2A353FB28DFF5D200F5786A /* Tab.storyboard in Resources */,
				D260BED2299BCBE300AC18F2 /* Camera.storyboard in Resources */,
				D2AC13DF253B6B5F007EE06A /* Collection.storyboard in Resources */,
				D27AF33A2974360E00642A0F /* AttributeString.storyboard in Resources */,
				D2892345299532D1000B1834 /* Segment.storyboard in Resources */,
				D2915B2429B3317A00D7F983 /* NotoSansJP-Medium.otf in Resources */,
				D2848B1E28C2492E00D64710 /* Pencil.storyboard in Resources */,
				D2915B2129B3317A00D7F983 /* NotoSansJP-Regular.otf in Resources */,
				D2915B3029B3317A00D7F983 /* OFL.txt in Resources */,
				D2AC13CF25320C8E007EE06A /* Login.storyboard in Resources */,
				D2A8C5132831196200AFC23F /* LoginCustomView.xib in Resources */,
				D2915B2A29B3317A00D7F983 /* NotoSansJP-Thin.otf in Resources */,
				D2A353F028DF1FBC00F5786A /* CompositionalLayoutsCollectionCell.xib in Resources */,
				D2915B2D29B3317A00D7F983 /* NotoSansJP-Bold.otf in Resources */,
				D2AC13AB2531E8C3007EE06A /* LaunchScreen.storyboard in Resources */,
				D2915B3329B3317A00D7F983 /* NotoSansJP-Black.otf in Resources */,
				D2AC13A82531E8C3007EE06A /* Assets.xcassets in Resources */,
				D258C858293509A400C47252 /* CalendarCell.xib in Resources */,
				D2915B2729B3317A00D7F983 /* NotoSansJP-Light.otf in Resources */,
			);
			runOnlyForDeploymentPostprocessing = 0;
		};
		D2AC13AF2531E8C3007EE06A /* Resources */ = {
			isa = PBXResourcesBuildPhase;
			buildActionMask = 2147483647;
			files = (
				D2915B3129B3317A00D7F983 /* OFL.txt in Resources */,
				D2915B2829B3317A00D7F983 /* NotoSansJP-Light.otf in Resources */,
				D2915B2B29B3317A00D7F983 /* NotoSansJP-Thin.otf in Resources */,
				D2915B2E29B3317A00D7F983 /* NotoSansJP-Bold.otf in Resources */,
				D2915B2229B3317A00D7F983 /* NotoSansJP-Regular.otf in Resources */,
				D2915B2529B3317A00D7F983 /* NotoSansJP-Medium.otf in Resources */,
				D2915B3429B3317A00D7F983 /* NotoSansJP-Black.otf in Resources */,
			);
			runOnlyForDeploymentPostprocessing = 0;
		};
		D2AC13BA2531E8C3007EE06A /* Resources */ = {
			isa = PBXResourcesBuildPhase;
			buildActionMask = 2147483647;
			files = (
				D2915B3229B3317A00D7F983 /* OFL.txt in Resources */,
				D2915B2929B3317A00D7F983 /* NotoSansJP-Light.otf in Resources */,
				D2915B2C29B3317A00D7F983 /* NotoSansJP-Thin.otf in Resources */,
				D2915B2F29B3317A00D7F983 /* NotoSansJP-Bold.otf in Resources */,
				D2915B2329B3317A00D7F983 /* NotoSansJP-Regular.otf in Resources */,
				D2915B2629B3317A00D7F983 /* NotoSansJP-Medium.otf in Resources */,
				D2915B3529B3317A00D7F983 /* NotoSansJP-Black.otf in Resources */,
			);
			runOnlyForDeploymentPostprocessing = 0;
		};
/* End PBXResourcesBuildPhase section */

/* Begin PBXShellScriptBuildPhase section */
		107A741A801982B81DB80C63 /* [CP] Check Pods Manifest.lock */ = {
			isa = PBXShellScriptBuildPhase;
			buildActionMask = 2147483647;
			files = (
			);
			inputFileListPaths = (
			);
			inputPaths = (
				"${PODS_PODFILE_DIR_PATH}/Podfile.lock",
				"${PODS_ROOT}/Manifest.lock",
			);
			name = "[CP] Check Pods Manifest.lock";
			outputFileListPaths = (
			);
			outputPaths = (
				"$(DERIVED_FILE_DIR)/Pods-swift_variousUITests-checkManifestLockResult.txt",
			);
			runOnlyForDeploymentPostprocessing = 0;
			shellPath = /bin/sh;
			shellScript = "diff \"${PODS_PODFILE_DIR_PATH}/Podfile.lock\" \"${PODS_ROOT}/Manifest.lock\" > /dev/null\nif [ $? != 0 ] ; then\n    # print error to STDERR\n    echo \"error: The sandbox is not in sync with the Podfile.lock. Run 'pod install' or update your CocoaPods installation.\" >&2\n    exit 1\nfi\n# This output is used by Xcode 'outputs' to avoid re-running this script phase.\necho \"SUCCESS\" > \"${SCRIPT_OUTPUT_FILE_0}\"\n";
			showEnvVarsInLog = 0;
		};
		3C6D2219CB5C173911DA4888 /* [CP] Embed Pods Frameworks */ = {
			isa = PBXShellScriptBuildPhase;
			buildActionMask = 2147483647;
			files = (
			);
			inputFileListPaths = (
				"${PODS_ROOT}/Target Support Files/Pods-swift_variousUI/Pods-swift_variousUI-frameworks-${CONFIGURATION}-input-files.xcfilelist",
			);
			name = "[CP] Embed Pods Frameworks";
			outputFileListPaths = (
				"${PODS_ROOT}/Target Support Files/Pods-swift_variousUI/Pods-swift_variousUI-frameworks-${CONFIGURATION}-output-files.xcfilelist",
			);
			runOnlyForDeploymentPostprocessing = 0;
			shellPath = /bin/sh;
			shellScript = "\"${PODS_ROOT}/Target Support Files/Pods-swift_variousUI/Pods-swift_variousUI-frameworks.sh\"\n";
			showEnvVarsInLog = 0;
		};
		7D65E68A579FC6C6AB5FBB1B /* [CP] Embed Pods Frameworks */ = {
			isa = PBXShellScriptBuildPhase;
			buildActionMask = 2147483647;
			files = (
			);
			inputFileListPaths = (
				"${PODS_ROOT}/Target Support Files/Pods-swift_variousUI-swift_variousUIUITests/Pods-swift_variousUI-swift_variousUIUITests-frameworks-${CONFIGURATION}-input-files.xcfilelist",
			);
			name = "[CP] Embed Pods Frameworks";
			outputFileListPaths = (
				"${PODS_ROOT}/Target Support Files/Pods-swift_variousUI-swift_variousUIUITests/Pods-swift_variousUI-swift_variousUIUITests-frameworks-${CONFIGURATION}-output-files.xcfilelist",
			);
			runOnlyForDeploymentPostprocessing = 0;
			shellPath = /bin/sh;
			shellScript = "\"${PODS_ROOT}/Target Support Files/Pods-swift_variousUI-swift_variousUIUITests/Pods-swift_variousUI-swift_variousUIUITests-frameworks.sh\"\n";
			showEnvVarsInLog = 0;
		};
		CA7929A1B09298E7DDDFB113 /* [CP] Check Pods Manifest.lock */ = {
			isa = PBXShellScriptBuildPhase;
			buildActionMask = 2147483647;
			files = (
			);
			inputFileListPaths = (
			);
			inputPaths = (
				"${PODS_PODFILE_DIR_PATH}/Podfile.lock",
				"${PODS_ROOT}/Manifest.lock",
			);
			name = "[CP] Check Pods Manifest.lock";
			outputFileListPaths = (
			);
			outputPaths = (
				"$(DERIVED_FILE_DIR)/Pods-swift_variousUI-swift_variousUIUITests-checkManifestLockResult.txt",
			);
			runOnlyForDeploymentPostprocessing = 0;
			shellPath = /bin/sh;
			shellScript = "diff \"${PODS_PODFILE_DIR_PATH}/Podfile.lock\" \"${PODS_ROOT}/Manifest.lock\" > /dev/null\nif [ $? != 0 ] ; then\n    # print error to STDERR\n    echo \"error: The sandbox is not in sync with the Podfile.lock. Run 'pod install' or update your CocoaPods installation.\" >&2\n    exit 1\nfi\n# This output is used by Xcode 'outputs' to avoid re-running this script phase.\necho \"SUCCESS\" > \"${SCRIPT_OUTPUT_FILE_0}\"\n";
			showEnvVarsInLog = 0;
		};
		EE9E7A0625F0AAB60457F538 /* [CP] Check Pods Manifest.lock */ = {
			isa = PBXShellScriptBuildPhase;
			buildActionMask = 2147483647;
			files = (
			);
			inputFileListPaths = (
			);
			inputPaths = (
				"${PODS_PODFILE_DIR_PATH}/Podfile.lock",
				"${PODS_ROOT}/Manifest.lock",
			);
			name = "[CP] Check Pods Manifest.lock";
			outputFileListPaths = (
			);
			outputPaths = (
				"$(DERIVED_FILE_DIR)/Pods-swift_variousUI-checkManifestLockResult.txt",
			);
			runOnlyForDeploymentPostprocessing = 0;
			shellPath = /bin/sh;
			shellScript = "diff \"${PODS_PODFILE_DIR_PATH}/Podfile.lock\" \"${PODS_ROOT}/Manifest.lock\" > /dev/null\nif [ $? != 0 ] ; then\n    # print error to STDERR\n    echo \"error: The sandbox is not in sync with the Podfile.lock. Run 'pod install' or update your CocoaPods installation.\" >&2\n    exit 1\nfi\n# This output is used by Xcode 'outputs' to avoid re-running this script phase.\necho \"SUCCESS\" > \"${SCRIPT_OUTPUT_FILE_0}\"\n";
			showEnvVarsInLog = 0;
		};
/* End PBXShellScriptBuildPhase section */

/* Begin PBXSourcesBuildPhase section */
		D2AC13972531E8C0007EE06A /* Sources */ = {
			isa = PBXSourcesBuildPhase;
			buildActionMask = 2147483647;
			files = (
				D2A3547F2905625200F5786A /* CalenderCollectionView.swift in Sources */,
				D260BECD2999F81700AC18F2 /* UIViewController+Keyboard.swift in Sources */,
				D2A3547D290548A300F5786A /* CalenderViewController.swift in Sources */,
				D2A353EF28DF1FBC00F5786A /* CompositionalLayoutsCollectionCell.swift in Sources */,
				D2AC13DD253B6ACC007EE06A /* XibInstance.swift in Sources */,
				D2A8C51828341E4B00AFC23F /* MainTabBarController.swift in Sources */,
				D2A353F928DFF56000F5786A /* TabPagerViewController.swift in Sources */,
				D2A353E728DDF55100F5786A /* CompositionalLayoutsViewController.swift in Sources */,
				D2A353E928DE9CF300F5786A /* CompositionalLayoutsCollectionView.swift in Sources */,
				D2AC13D8253B6995007EE06A /* CollectionViewController.swift in Sources */,
				D27D858529AD9E2300A87448 /* PlaceHolderTextView.swift in Sources */,
				D27D858329AD9E0F00A87448 /* TextViewController.swift in Sources */,
				D2A353F228DF2FA400F5786A /* CompositionalLayoutsCollectionViewInteractor.swift in Sources */,
				D27D857C29A7A81C00A87448 /* SwitchViewController.swift in Sources */,
				D2A8C511283118A500AFC23F /* LoginCustomViewController.swift in Sources */,
				D27D857E29A7C8AE00A87448 /* DecorateLabel.swift in Sources */,
				D2A8C51528311A4B00AFC23F /* LoginCustomView.swift in Sources */,
				D27AF33C2974362A00642A0F /* AttributeStringViewController.swift in Sources */,
				D2AC139F2531E8C0007EE06A /* AppDelegate.swift in Sources */,
				D2AC13A12531E8C0007EE06A /* SceneDelegate.swift in Sources */,
				D260BED0299BCB4700AC18F2 /* CameraViewController.swift in Sources */,
				D2892347299532E7000B1834 /* SegmentViewController.swift in Sources */,
				D27D858129AD0B3C00A87448 /* RippleButton.swift in Sources */,
				D228A61429A3C56200A3C0DA /* PasswordSecureTextField.swift in Sources */,
				D2AC13D52532A1E8007EE06A /* LoginViewController.swift in Sources */,
				D2A353EC28DF0EF800F5786A /* UICollectionView+Registration.swift in Sources */,
				D258C857293509A400C47252 /* CalendarCell.swift in Sources */,
				D2848B1C28C248A400D64710 /* PencilKitViewController.swift in Sources */,
				D2A35481290564A000F5786A /* CalenderCollectionViewInteractor.swift in Sources */,
				D28923492996AB94000B1834 /* UIView+IBInspectable.swift in Sources */,
				D21855CB26E3C13800DF7F29 /* TestCollectionViewCell.swift in Sources */,
				D29358DA29A4D9700054DC28 /* CustomSegmentControl.swift in Sources */,
				D2AC13D325329DB7007EE06A /* LoginForm.swift in Sources */,
			);
			runOnlyForDeploymentPostprocessing = 0;
		};
		D2AC13AD2531E8C3007EE06A /* Sources */ = {
			isa = PBXSourcesBuildPhase;
			buildActionMask = 2147483647;
			files = (
				D2AC13B62531E8C3007EE06A /* swift_variousUITests.swift in Sources */,
			);
			runOnlyForDeploymentPostprocessing = 0;
		};
		D2AC13B82531E8C3007EE06A /* Sources */ = {
			isa = PBXSourcesBuildPhase;
			buildActionMask = 2147483647;
			files = (
				D2AC13C12531E8C3007EE06A /* swift_variousUIUITests.swift in Sources */,
			);
			runOnlyForDeploymentPostprocessing = 0;
		};
/* End PBXSourcesBuildPhase section */

/* Begin PBXTargetDependency section */
		D2AC13B32531E8C3007EE06A /* PBXTargetDependency */ = {
			isa = PBXTargetDependency;
			target = D2AC139A2531E8C0007EE06A /* swift_variousUI */;
			targetProxy = D2AC13B22531E8C3007EE06A /* PBXContainerItemProxy */;
		};
		D2AC13BE2531E8C3007EE06A /* PBXTargetDependency */ = {
			isa = PBXTargetDependency;
			target = D2AC139A2531E8C0007EE06A /* swift_variousUI */;
			targetProxy = D2AC13BD2531E8C3007EE06A /* PBXContainerItemProxy */;
		};
/* End PBXTargetDependency section */

/* Begin PBXVariantGroup section */
		D2AC13A92531E8C3007EE06A /* LaunchScreen.storyboard */ = {
			isa = PBXVariantGroup;
			children = (
				D2AC13AA2531E8C3007EE06A /* Base */,
			);
			name = LaunchScreen.storyboard;
			sourceTree = "<group>";
		};
/* End PBXVariantGroup section */

/* Begin XCBuildConfiguration section */
		D2AC13C32531E8C3007EE06A /* Debug */ = {
			isa = XCBuildConfiguration;
			buildSettings = {
				ALWAYS_SEARCH_USER_PATHS = NO;
				CLANG_ANALYZER_NONNULL = YES;
				CLANG_ANALYZER_NUMBER_OBJECT_CONVERSION = YES_AGGRESSIVE;
				CLANG_CXX_LANGUAGE_STANDARD = "gnu++14";
				CLANG_CXX_LIBRARY = "libc++";
				CLANG_ENABLE_MODULES = YES;
				CLANG_ENABLE_OBJC_ARC = YES;
				CLANG_ENABLE_OBJC_WEAK = YES;
				CLANG_WARN_BLOCK_CAPTURE_AUTORELEASING = YES;
				CLANG_WARN_BOOL_CONVERSION = YES;
				CLANG_WARN_COMMA = YES;
				CLANG_WARN_CONSTANT_CONVERSION = YES;
				CLANG_WARN_DEPRECATED_OBJC_IMPLEMENTATIONS = YES;
				CLANG_WARN_DIRECT_OBJC_ISA_USAGE = YES_ERROR;
				CLANG_WARN_DOCUMENTATION_COMMENTS = YES;
				CLANG_WARN_EMPTY_BODY = YES;
				CLANG_WARN_ENUM_CONVERSION = YES;
				CLANG_WARN_INFINITE_RECURSION = YES;
				CLANG_WARN_INT_CONVERSION = YES;
				CLANG_WARN_NON_LITERAL_NULL_CONVERSION = YES;
				CLANG_WARN_OBJC_IMPLICIT_RETAIN_SELF = YES;
				CLANG_WARN_OBJC_LITERAL_CONVERSION = YES;
				CLANG_WARN_OBJC_ROOT_CLASS = YES_ERROR;
				CLANG_WARN_RANGE_LOOP_ANALYSIS = YES;
				CLANG_WARN_STRICT_PROTOTYPES = YES;
				CLANG_WARN_SUSPICIOUS_MOVE = YES;
				CLANG_WARN_UNGUARDED_AVAILABILITY = YES_AGGRESSIVE;
				CLANG_WARN_UNREACHABLE_CODE = YES;
				CLANG_WARN__DUPLICATE_METHOD_MATCH = YES;
				COPY_PHASE_STRIP = NO;
				DEBUG_INFORMATION_FORMAT = dwarf;
				ENABLE_STRICT_OBJC_MSGSEND = YES;
				ENABLE_TESTABILITY = YES;
				GCC_C_LANGUAGE_STANDARD = gnu11;
				GCC_DYNAMIC_NO_PIC = NO;
				GCC_NO_COMMON_BLOCKS = YES;
				GCC_OPTIMIZATION_LEVEL = 0;
				GCC_PREPROCESSOR_DEFINITIONS = (
					"DEBUG=1",
					"$(inherited)",
				);
				GCC_WARN_64_TO_32_BIT_CONVERSION = YES;
				GCC_WARN_ABOUT_RETURN_TYPE = YES_ERROR;
				GCC_WARN_UNDECLARED_SELECTOR = YES;
				GCC_WARN_UNINITIALIZED_AUTOS = YES_AGGRESSIVE;
				GCC_WARN_UNUSED_FUNCTION = YES;
				GCC_WARN_UNUSED_VARIABLE = YES;
				IPHONEOS_DEPLOYMENT_TARGET = 14.0;
				MTL_ENABLE_DEBUG_INFO = INCLUDE_SOURCE;
				MTL_FAST_MATH = YES;
				ONLY_ACTIVE_ARCH = YES;
				SDKROOT = iphoneos;
				SWIFT_ACTIVE_COMPILATION_CONDITIONS = DEBUG;
				SWIFT_OPTIMIZATION_LEVEL = "-Onone";
			};
			name = Debug;
		};
		D2AC13C42531E8C3007EE06A /* Release */ = {
			isa = XCBuildConfiguration;
			buildSettings = {
				ALWAYS_SEARCH_USER_PATHS = NO;
				CLANG_ANALYZER_NONNULL = YES;
				CLANG_ANALYZER_NUMBER_OBJECT_CONVERSION = YES_AGGRESSIVE;
				CLANG_CXX_LANGUAGE_STANDARD = "gnu++14";
				CLANG_CXX_LIBRARY = "libc++";
				CLANG_ENABLE_MODULES = YES;
				CLANG_ENABLE_OBJC_ARC = YES;
				CLANG_ENABLE_OBJC_WEAK = YES;
				CLANG_WARN_BLOCK_CAPTURE_AUTORELEASING = YES;
				CLANG_WARN_BOOL_CONVERSION = YES;
				CLANG_WARN_COMMA = YES;
				CLANG_WARN_CONSTANT_CONVERSION = YES;
				CLANG_WARN_DEPRECATED_OBJC_IMPLEMENTATIONS = YES;
				CLANG_WARN_DIRECT_OBJC_ISA_USAGE = YES_ERROR;
				CLANG_WARN_DOCUMENTATION_COMMENTS = YES;
				CLANG_WARN_EMPTY_BODY = YES;
				CLANG_WARN_ENUM_CONVERSION = YES;
				CLANG_WARN_INFINITE_RECURSION = YES;
				CLANG_WARN_INT_CONVERSION = YES;
				CLANG_WARN_NON_LITERAL_NULL_CONVERSION = YES;
				CLANG_WARN_OBJC_IMPLICIT_RETAIN_SELF = YES;
				CLANG_WARN_OBJC_LITERAL_CONVERSION = YES;
				CLANG_WARN_OBJC_ROOT_CLASS = YES_ERROR;
				CLANG_WARN_RANGE_LOOP_ANALYSIS = YES;
				CLANG_WARN_STRICT_PROTOTYPES = YES;
				CLANG_WARN_SUSPICIOUS_MOVE = YES;
				CLANG_WARN_UNGUARDED_AVAILABILITY = YES_AGGRESSIVE;
				CLANG_WARN_UNREACHABLE_CODE = YES;
				CLANG_WARN__DUPLICATE_METHOD_MATCH = YES;
				COPY_PHASE_STRIP = NO;
				DEBUG_INFORMATION_FORMAT = "dwarf-with-dsym";
				ENABLE_NS_ASSERTIONS = NO;
				ENABLE_STRICT_OBJC_MSGSEND = YES;
				GCC_C_LANGUAGE_STANDARD = gnu11;
				GCC_NO_COMMON_BLOCKS = YES;
				GCC_WARN_64_TO_32_BIT_CONVERSION = YES;
				GCC_WARN_ABOUT_RETURN_TYPE = YES_ERROR;
				GCC_WARN_UNDECLARED_SELECTOR = YES;
				GCC_WARN_UNINITIALIZED_AUTOS = YES_AGGRESSIVE;
				GCC_WARN_UNUSED_FUNCTION = YES;
				GCC_WARN_UNUSED_VARIABLE = YES;
				IPHONEOS_DEPLOYMENT_TARGET = 14.0;
				MTL_ENABLE_DEBUG_INFO = NO;
				MTL_FAST_MATH = YES;
				SDKROOT = iphoneos;
				SWIFT_COMPILATION_MODE = wholemodule;
				SWIFT_OPTIMIZATION_LEVEL = "-O";
				VALIDATE_PRODUCT = YES;
			};
			name = Release;
		};
		D2AC13C62531E8C3007EE06A /* Debug */ = {
			isa = XCBuildConfiguration;
			baseConfigurationReference = 4046E6ECE261CEAC0E2C34E0 /* Pods-swift_variousUI.debug.xcconfig */;
			buildSettings = {
				ASSETCATALOG_COMPILER_APPICON_NAME = AppIcon;
				CODE_SIGN_STYLE = Automatic;
				DEVELOPMENT_TEAM = 8B99357DTD;
				INFOPLIST_FILE = swift_variousUI/Info.plist;
				IPHONEOS_DEPLOYMENT_TARGET = 14.0;
				LD_RUNPATH_SEARCH_PATHS = (
					"$(inherited)",
					"@executable_path/Frameworks",
				);
				PRODUCT_BUNDLE_IDENTIFIER = "jp.co.swift-variousUI";
				PRODUCT_NAME = "$(TARGET_NAME)";
				SWIFT_VERSION = 5.0;
				TARGETED_DEVICE_FAMILY = "1,2";
			};
			name = Debug;
		};
		D2AC13C72531E8C3007EE06A /* Release */ = {
			isa = XCBuildConfiguration;
			baseConfigurationReference = 06A03C2D9023CDC86E71909B /* Pods-swift_variousUI.release.xcconfig */;
			buildSettings = {
				ASSETCATALOG_COMPILER_APPICON_NAME = AppIcon;
				CODE_SIGN_STYLE = Automatic;
				DEVELOPMENT_TEAM = 8B99357DTD;
				INFOPLIST_FILE = swift_variousUI/Info.plist;
				IPHONEOS_DEPLOYMENT_TARGET = 14.0;
				LD_RUNPATH_SEARCH_PATHS = (
					"$(inherited)",
					"@executable_path/Frameworks",
				);
				PRODUCT_BUNDLE_IDENTIFIER = "jp.co.swift-variousUI";
				PRODUCT_NAME = "$(TARGET_NAME)";
				SWIFT_VERSION = 5.0;
				TARGETED_DEVICE_FAMILY = "1,2";
			};
			name = Release;
		};
		D2AC13C92531E8C3007EE06A /* Debug */ = {
			isa = XCBuildConfiguration;
			baseConfigurationReference = 69A9BA5C127CE047378E8F7F /* Pods-swift_variousUITests.debug.xcconfig */;
			buildSettings = {
				ALWAYS_EMBED_SWIFT_STANDARD_LIBRARIES = YES;
				BUNDLE_LOADER = "$(TEST_HOST)";
				CODE_SIGN_STYLE = Automatic;
				DEVELOPMENT_TEAM = 8B99357DTD;
				INFOPLIST_FILE = swift_variousUITests/Info.plist;
				IPHONEOS_DEPLOYMENT_TARGET = 13.1;
				LD_RUNPATH_SEARCH_PATHS = (
					"$(inherited)",
					"@executable_path/Frameworks",
					"@loader_path/Frameworks",
				);
				PRODUCT_BUNDLE_IDENTIFIER = "jp.co.swift-variousUITests";
				PRODUCT_NAME = "$(TARGET_NAME)";
				SWIFT_VERSION = 5.0;
				TARGETED_DEVICE_FAMILY = "1,2";
				TEST_HOST = "$(BUILT_PRODUCTS_DIR)/swift_variousUI.app/swift_variousUI";
			};
			name = Debug;
		};
		D2AC13CA2531E8C3007EE06A /* Release */ = {
			isa = XCBuildConfiguration;
			baseConfigurationReference = 9A8AC913B5D7CE20CA9CF6AA /* Pods-swift_variousUITests.release.xcconfig */;
			buildSettings = {
				ALWAYS_EMBED_SWIFT_STANDARD_LIBRARIES = YES;
				BUNDLE_LOADER = "$(TEST_HOST)";
				CODE_SIGN_STYLE = Automatic;
				DEVELOPMENT_TEAM = 8B99357DTD;
				INFOPLIST_FILE = swift_variousUITests/Info.plist;
				IPHONEOS_DEPLOYMENT_TARGET = 13.1;
				LD_RUNPATH_SEARCH_PATHS = (
					"$(inherited)",
					"@executable_path/Frameworks",
					"@loader_path/Frameworks",
				);
				PRODUCT_BUNDLE_IDENTIFIER = "jp.co.swift-variousUITests";
				PRODUCT_NAME = "$(TARGET_NAME)";
				SWIFT_VERSION = 5.0;
				TARGETED_DEVICE_FAMILY = "1,2";
				TEST_HOST = "$(BUILT_PRODUCTS_DIR)/swift_variousUI.app/swift_variousUI";
			};
			name = Release;
		};
		D2AC13CC2531E8C3007EE06A /* Debug */ = {
			isa = XCBuildConfiguration;
			baseConfigurationReference = F93C1AB57E3F16CDE2DA9051 /* Pods-swift_variousUI-swift_variousUIUITests.debug.xcconfig */;
			buildSettings = {
				ALWAYS_EMBED_SWIFT_STANDARD_LIBRARIES = YES;
				CODE_SIGN_STYLE = Automatic;
				DEVELOPMENT_TEAM = 8B99357DTD;
				INFOPLIST_FILE = swift_variousUIUITests/Info.plist;
				LD_RUNPATH_SEARCH_PATHS = (
					"$(inherited)",
					"@executable_path/Frameworks",
					"@loader_path/Frameworks",
				);
				PRODUCT_BUNDLE_IDENTIFIER = "jp.co.swift-variousUIUITests";
				PRODUCT_NAME = "$(TARGET_NAME)";
				SWIFT_VERSION = 5.0;
				TARGETED_DEVICE_FAMILY = "1,2";
				TEST_TARGET_NAME = swift_variousUI;
			};
			name = Debug;
		};
		D2AC13CD2531E8C3007EE06A /* Release */ = {
			isa = XCBuildConfiguration;
			baseConfigurationReference = 318D8F01EB393B4AAF513111 /* Pods-swift_variousUI-swift_variousUIUITests.release.xcconfig */;
			buildSettings = {
				ALWAYS_EMBED_SWIFT_STANDARD_LIBRARIES = YES;
				CODE_SIGN_STYLE = Automatic;
				DEVELOPMENT_TEAM = 8B99357DTD;
				INFOPLIST_FILE = swift_variousUIUITests/Info.plist;
				LD_RUNPATH_SEARCH_PATHS = (
					"$(inherited)",
					"@executable_path/Frameworks",
					"@loader_path/Frameworks",
				);
				PRODUCT_BUNDLE_IDENTIFIER = "jp.co.swift-variousUIUITests";
				PRODUCT_NAME = "$(TARGET_NAME)";
				SWIFT_VERSION = 5.0;
				TARGETED_DEVICE_FAMILY = "1,2";
				TEST_TARGET_NAME = swift_variousUI;
			};
			name = Release;
		};
/* End XCBuildConfiguration section */

/* Begin XCConfigurationList section */
		D2AC13962531E8C0007EE06A /* Build configuration list for PBXProject "swift_variousUI" */ = {
			isa = XCConfigurationList;
			buildConfigurations = (
				D2AC13C32531E8C3007EE06A /* Debug */,
				D2AC13C42531E8C3007EE06A /* Release */,
			);
			defaultConfigurationIsVisible = 0;
			defaultConfigurationName = Debug;
		};
		D2AC13C52531E8C3007EE06A /* Build configuration list for PBXNativeTarget "swift_variousUI" */ = {
			isa = XCConfigurationList;
			buildConfigurations = (
				D2AC13C62531E8C3007EE06A /* Debug */,
				D2AC13C72531E8C3007EE06A /* Release */,
			);
			defaultConfigurationIsVisible = 0;
			defaultConfigurationName = Debug;
		};
		D2AC13C82531E8C3007EE06A /* Build configuration list for PBXNativeTarget "swift_variousUITests" */ = {
			isa = XCConfigurationList;
			buildConfigurations = (
				D2AC13C92531E8C3007EE06A /* Debug */,
				D2AC13CA2531E8C3007EE06A /* Release */,
			);
			defaultConfigurationIsVisible = 0;
			defaultConfigurationName = Debug;
		};
		D2AC13CB2531E8C3007EE06A /* Build configuration list for PBXNativeTarget "swift_variousUIUITests" */ = {
			isa = XCConfigurationList;
			buildConfigurations = (
				D2AC13CC2531E8C3007EE06A /* Debug */,
				D2AC13CD2531E8C3007EE06A /* Release */,
			);
			defaultConfigurationIsVisible = 0;
			defaultConfigurationName = Debug;
		};
/* End XCConfigurationList section */
	};
	rootObject = D2AC13932531E8C0007EE06A /* Project object */;
}
